
Microsoft Visual Studio Solution File, Format Version 12.00
# Visual Studio 15
VisualStudioVersion = 15.0.28307.1831
MinimumVisualStudioVersion = 10.0.40219.1
Project("{8BC9CEB8-8B4A-11D0-8D11-00A0C91BC942}") = "Client", "Client\Client.vcxproj", "{FC3BEC7F-2B53-4EDA-BEB0-C9FF52143BCD}"
EndProject
Project("{8BC9CEB8-8B4A-11D0-8D11-00A0C91BC942}") = "Engine", "Engine\Engine.vcxproj", "{F966C048-2FFC-4BC9-AD06-5296DA1FEF37}"
EndProject
Global
	GlobalSection(SolutionConfigurationPlatforms) = preSolution
		Debug|x64 = Debug|x64
		Debug|x86 = Debug|x86
		Release|x64 = Release|x64
		Release|x86 = Release|x86
	EndGlobalSection
	GlobalSection(ProjectConfigurationPlatforms) = postSolution
		{FC3BEC7F-2B53-4EDA-BEB0-C9FF52143BCD}.Debug|x64.ActiveCfg = Debug|x64
		{FC3BEC7F-2B53-4EDA-BEB0-C9FF52143BCD}.Debug|x64.Build.0 = Debug|x64
		{FC3BEC7F-2B53-4EDA-BEB0-C9FF52143BCD}.Debug|x86.ActiveCfg = Debug|Win32
		{FC3BEC7F-2B53-4EDA-BEB0-C9FF52143BCD}.Debug|x86.Build.0 = Debug|Win32
		{FC3BEC7F-2B53-4EDA-BEB0-C9FF52143BCD}.Release|x64.ActiveCfg = Release|x64
		{FC3BEC7F-2B53-4EDA-BEB0-C9FF52143BCD}.Release|x64.Build.0 = Release|x64
		{FC3BEC7F-2B53-4EDA-BEB0-C9FF52143BCD}.Release|x86.ActiveCfg = Release|Win32
		{FC3BEC7F-2B53-4EDA-BEB0-C9FF52143BCD}.Release|x86.Build.0 = Release|Win32
		{F966C048-2FFC-4BC9-AD06-5296DA1FEF37}.Debug|x64.ActiveCfg = Debug|x64
		{F966C048-2FFC-4BC9-AD06-5296DA1FEF37}.Debug|x64.Build.0 = Debug|x64
		{F966C048-2FFC-4BC9-AD06-5296DA1FEF37}.Debug|x86.ActiveCfg = Debug|Win32
		{F966C048-2FFC-4BC9-AD06-5296DA1FEF37}.Debug|x86.Build.0 = Debug|Win32
		{F966C048-2FFC-4BC9-AD06-5296DA1FEF37}.Release|x64.ActiveCfg = Release|x64
		{F966C048-2FFC-4BC9-AD06-5296DA1FEF37}.Release|x64.Build.0 = Release|x64
		{F966C048-2FFC-4BC9-AD06-5296DA1FEF37}.Release|x86.ActiveCfg = Release|Win32
		{F966C048-2FFC-4BC9-AD06-5296DA1FEF37}.Release|x86.Build.0 = Release|Win32
	EndGlobalSection
	GlobalSection(SolutionProperties) = preSolution
		HideSolutionNode = FALSE
	EndGlobalSection
	GlobalSection(ExtensibilityGlobals) = postSolution
		SolutionGuid = {713B97FD-7F4F-455F-85B7-99D1FBA3034A}
	EndGlobalSection
EndGlobal
